// !$*UTF8*$!
{
	archiveVersion = 1;
	classes = {
	};
	objectVersion = 56;
	objects = {

/* Begin PBXBuildFile section */
		BF01F9BD29ED8DCE005D1AB8 /* AppDelegate.swift in Sources */ = {isa = PBXBuildFile; fileRef = BF01F9BC29ED8DCE005D1AB8 /* AppDelegate.swift */; };
		BF01F9BF29ED8DCE005D1AB8 /* SceneDelegate.swift in Sources */ = {isa = PBXBuildFile; fileRef = BF01F9BE29ED8DCE005D1AB8 /* SceneDelegate.swift */; };
		BF01F9C129ED8DCE005D1AB8 /* MiniGameListViewController.swift in Sources */ = {isa = PBXBuildFile; fileRef = BF01F9C029ED8DCE005D1AB8 /* MiniGameListViewController.swift */; };
		BF01F9C629ED8DCE005D1AB8 /* Assets.xcassets in Resources */ = {isa = PBXBuildFile; fileRef = BF01F9C529ED8DCE005D1AB8 /* Assets.xcassets */; };
		BF01F9C929ED8DCE005D1AB8 /* LaunchScreen.storyboard in Resources */ = {isa = PBXBuildFile; fileRef = BF01F9C729ED8DCE005D1AB8 /* LaunchScreen.storyboard */; };
		BF01F9D929ED901C005D1AB8 /* Player.swift in Sources */ = {isa = PBXBuildFile; fileRef = BF01F9D829ED901C005D1AB8 /* Player.swift */; };
		BF01F9DE29ED91BD005D1AB8 /* Playable.swift in Sources */ = {isa = PBXBuildFile; fileRef = BF01F9DD29ED91BD005D1AB8 /* Playable.swift */; };
		BF34B66129F419B700974427 /* MiniGamesCollectionViewCell.swift in Sources */ = {isa = PBXBuildFile; fileRef = BF34B66029F419B700974427 /* MiniGamesCollectionViewCell.swift */; };
		BF626E9F29F53779003BAA32 /* MiniGameViewController.swift in Sources */ = {isa = PBXBuildFile; fileRef = BF626E9E29F53779003BAA32 /* MiniGameViewController.swift */; };
		BF626EA129F53B54003BAA32 /* InformationViewController.swift in Sources */ = {isa = PBXBuildFile; fileRef = BF626EA029F53B54003BAA32 /* InformationViewController.swift */; };
/* End PBXBuildFile section */

/* Begin PBXFileReference section */
		BF01F9B929ED8DCE005D1AB8 /* MiniGameCollection.app */ = {isa = PBXFileReference; explicitFileType = wrapper.application; includeInIndex = 0; path = MiniGameCollection.app; sourceTree = BUILT_PRODUCTS_DIR; };
		BF01F9BC29ED8DCE005D1AB8 /* AppDelegate.swift */ = {isa = PBXFileReference; lastKnownFileType = sourcecode.swift; path = AppDelegate.swift; sourceTree = "<group>"; };
		BF01F9BE29ED8DCE005D1AB8 /* SceneDelegate.swift */ = {isa = PBXFileReference; lastKnownFileType = sourcecode.swift; path = SceneDelegate.swift; sourceTree = "<group>"; };
		BF01F9C029ED8DCE005D1AB8 /* MiniGameListViewController.swift */ = {isa = PBXFileReference; lastKnownFileType = sourcecode.swift; path = MiniGameListViewController.swift; sourceTree = "<group>"; };
		BF01F9C529ED8DCE005D1AB8 /* Assets.xcassets */ = {isa = PBXFileReference; lastKnownFileType = folder.assetcatalog; path = Assets.xcassets; sourceTree = "<group>"; };
		BF01F9C829ED8DCE005D1AB8 /* Base */ = {isa = PBXFileReference; lastKnownFileType = file.storyboard; name = Base; path = Base.lproj/LaunchScreen.storyboard; sourceTree = "<group>"; };
		BF01F9CA29ED8DCE005D1AB8 /* Info.plist */ = {isa = PBXFileReference; lastKnownFileType = text.plist.xml; path = Info.plist; sourceTree = "<group>"; };
		BF01F9D829ED901C005D1AB8 /* Player.swift */ = {isa = PBXFileReference; lastKnownFileType = sourcecode.swift; path = Player.swift; sourceTree = "<group>"; };
		BF01F9DD29ED91BD005D1AB8 /* Playable.swift */ = {isa = PBXFileReference; lastKnownFileType = sourcecode.swift; path = Playable.swift; sourceTree = "<group>"; };
		BF34B66029F419B700974427 /* MiniGamesCollectionViewCell.swift */ = {isa = PBXFileReference; lastKnownFileType = sourcecode.swift; path = MiniGamesCollectionViewCell.swift; sourceTree = "<group>"; };
		BF626E9E29F53779003BAA32 /* MiniGameViewController.swift */ = {isa = PBXFileReference; lastKnownFileType = sourcecode.swift; path = MiniGameViewController.swift; sourceTree = "<group>"; };
		BF626EA029F53B54003BAA32 /* InformationViewController.swift */ = {isa = PBXFileReference; lastKnownFileType = sourcecode.swift; name = InformationViewController.swift; path = MiniGameCollection/Source/Controller/InformationViewController.swift; sourceTree = SOURCE_ROOT; };
/* End PBXFileReference section */

/* Begin PBXFrameworksBuildPhase section */
		BF01F9B629ED8DCE005D1AB8 /* Frameworks */ = {
			isa = PBXFrameworksBuildPhase;
			buildActionMask = 2147483647;
			files = (
			);
			runOnlyForDeploymentPostprocessing = 0;
		};
/* End PBXFrameworksBuildPhase section */

/* Begin PBXGroup section */
		BF01F9B029ED8DCE005D1AB8 = {
			isa = PBXGroup;
			children = (
				BF01F9BB29ED8DCE005D1AB8 /* MiniGameCollection */,
				BF01F9BA29ED8DCE005D1AB8 /* Products */,
			);
			sourceTree = "<group>";
		};
		BF01F9BA29ED8DCE005D1AB8 /* Products */ = {
			isa = PBXGroup;
			children = (
				BF01F9B929ED8DCE005D1AB8 /* MiniGameCollection.app */,
			);
			name = Products;
			sourceTree = "<group>";
		};
		BF01F9BB29ED8DCE005D1AB8 /* MiniGameCollection */ = {
			isa = PBXGroup;
			children = (
				BF01F9BC29ED8DCE005D1AB8 /* AppDelegate.swift */,
				BF01F9BE29ED8DCE005D1AB8 /* SceneDelegate.swift */,
				BF01F9D229ED8E38005D1AB8 /* Resource */,
				BF01F9D129ED8E18005D1AB8 /* Source */,
				BF01F9D029ED8DFA005D1AB8 /* Utility */,
			);
			path = MiniGameCollection;
			sourceTree = "<group>";
		};
		BF01F9D029ED8DFA005D1AB8 /* Utility */ = {
			isa = PBXGroup;
			children = (
			);
			path = Utility;
			sourceTree = "<group>";
		};
		BF01F9D129ED8E18005D1AB8 /* Source */ = {
			isa = PBXGroup;
			children = (
				BF01F9D729ED8EBA005D1AB8 /* Model */,
				BF01F9D629ED8EB2005D1AB8 /* View */,
				BF01F9D529ED8EA3005D1AB8 /* Controller */,
			);
			path = Source;
			sourceTree = "<group>";
		};
		BF01F9D229ED8E38005D1AB8 /* Resource */ = {
			isa = PBXGroup;
			children = (
				BF01F9CA29ED8DCE005D1AB8 /* Info.plist */,
				BF01F9D429ED8E5A005D1AB8 /* Assets */,
				BF01F9D329ED8E48005D1AB8 /* Storyboard */,
			);
			path = Resource;
			sourceTree = "<group>";
		};
		BF01F9D329ED8E48005D1AB8 /* Storyboard */ = {
			isa = PBXGroup;
			children = (
				BF01F9C729ED8DCE005D1AB8 /* LaunchScreen.storyboard */,
			);
			path = Storyboard;
			sourceTree = "<group>";
		};
		BF01F9D429ED8E5A005D1AB8 /* Assets */ = {
			isa = PBXGroup;
			children = (
				BF01F9C529ED8DCE005D1AB8 /* Assets.xcassets */,
			);
			path = Assets;
			sourceTree = "<group>";
		};
		BF01F9D529ED8EA3005D1AB8 /* Controller */ = {
			isa = PBXGroup;
			children = (
				BF01F9C029ED8DCE005D1AB8 /* MiniGameListViewController.swift */,
				BF626E9E29F53779003BAA32 /* MiniGameViewController.swift */,
				BF626EA029F53B54003BAA32 /* InformationViewController.swift */,
			);
			path = Controller;
			sourceTree = "<group>";
		};
		BF01F9D629ED8EB2005D1AB8 /* View */ = {
			isa = PBXGroup;
			children = (
				BF34B66029F419B700974427 /* MiniGamesCollectionViewCell.swift */,
			);
			path = View;
			sourceTree = "<group>";
		};
		BF01F9D729ED8EBA005D1AB8 /* Model */ = {
			isa = PBXGroup;
			children = (
				BF01F9DC29ED91AA005D1AB8 /* Protocol */,
				BF01F9D829ED901C005D1AB8 /* Player.swift */,
			);
			path = Model;
			sourceTree = "<group>";
		};
		BF01F9DC29ED91AA005D1AB8 /* Protocol */ = {
			isa = PBXGroup;
			children = (
				BF01F9DD29ED91BD005D1AB8 /* Playable.swift */,
			);
			path = Protocol;
			sourceTree = "<group>";
		};
/* End PBXGroup section */

/* Begin PBXNativeTarget section */
		BF01F9B829ED8DCE005D1AB8 /* MiniGameCollection */ = {
			isa = PBXNativeTarget;
			buildConfigurationList = BF01F9CD29ED8DCE005D1AB8 /* Build configuration list for PBXNativeTarget "MiniGameCollection" */;
			buildPhases = (
				BF01F9B529ED8DCE005D1AB8 /* Sources */,
				BF01F9B629ED8DCE005D1AB8 /* Frameworks */,
				BF01F9B729ED8DCE005D1AB8 /* Resources */,
			);
			buildRules = (
			);
			dependencies = (
			);
			name = MiniGameCollection;
			productName = MiniGameCollection;
			productReference = BF01F9B929ED8DCE005D1AB8 /* MiniGameCollection.app */;
			productType = "com.apple.product-type.application";
		};
/* End PBXNativeTarget section */

/* Begin PBXProject section */
		BF01F9B129ED8DCE005D1AB8 /* Project object */ = {
			isa = PBXProject;
			attributes = {
				BuildIndependentTargetsInParallel = 1;
				LastSwiftUpdateCheck = 1430;
				LastUpgradeCheck = 1430;
				TargetAttributes = {
					BF01F9B829ED8DCE005D1AB8 = {
						CreatedOnToolsVersion = 14.3;
					};
				};
			};
			buildConfigurationList = BF01F9B429ED8DCE005D1AB8 /* Build configuration list for PBXProject "MiniGameCollection" */;
			compatibilityVersion = "Xcode 14.0";
			developmentRegion = en;
			hasScannedForEncodings = 0;
			knownRegions = (
				en,
				Base,
			);
			mainGroup = BF01F9B029ED8DCE005D1AB8;
			productRefGroup = BF01F9BA29ED8DCE005D1AB8 /* Products */;
			projectDirPath = "";
			projectRoot = "";
			targets = (
				BF01F9B829ED8DCE005D1AB8 /* MiniGameCollection */,
			);
		};
/* End PBXProject section */

/* Begin PBXResourcesBuildPhase section */
		BF01F9B729ED8DCE005D1AB8 /* Resources */ = {
			isa = PBXResourcesBuildPhase;
			buildActionMask = 2147483647;
			files = (
				BF01F9C929ED8DCE005D1AB8 /* LaunchScreen.storyboard in Resources */,
				BF01F9C629ED8DCE005D1AB8 /* Assets.xcassets in Resources */,
			);
			runOnlyForDeploymentPostprocessing = 0;
		};
/* End PBXResourcesBuildPhase section */

/* Begin PBXSourcesBuildPhase section */
		BF01F9B529ED8DCE005D1AB8 /* Sources */ = {
			isa = PBXSourcesBuildPhase;
			buildActionMask = 2147483647;
			files = (
				BF01F9D929ED901C005D1AB8 /* Player.swift in Sources */,
				BF01F9C129ED8DCE005D1AB8 /* MiniGameListViewController.swift in Sources */,
				BF01F9DE29ED91BD005D1AB8 /* Playable.swift in Sources */,
				BF626E9F29F53779003BAA32 /* MiniGameViewController.swift in Sources */,
				BF01F9BD29ED8DCE005D1AB8 /* AppDelegate.swift in Sources */,
				BF01F9BF29ED8DCE005D1AB8 /* SceneDelegate.swift in Sources */,
				BF34B66129F419B700974427 /* MiniGamesCollectionViewCell.swift in Sources */,
				BF626EA129F53B54003BAA32 /* InformationViewController.swift in Sources */,
			);
			runOnlyForDeploymentPostprocessing = 0;
		};
/* End PBXSourcesBuildPhase section */

/* Begin PBXVariantGroup section */
		BF01F9C729ED8DCE005D1AB8 /* LaunchScreen.storyboard */ = {
			isa = PBXVariantGroup;
			children = (
				BF01F9C829ED8DCE005D1AB8 /* Base */,
			);
			name = LaunchScreen.storyboard;
			sourceTree = "<group>";
		};
/* End PBXVariantGroup section */

/* Begin XCBuildConfiguration section */
		BF01F9CB29ED8DCE005D1AB8 /* Debug */ = {
			isa = XCBuildConfiguration;
			buildSettings = {
				ALWAYS_SEARCH_USER_PATHS = NO;
				CLANG_ANALYZER_NONNULL = YES;
				CLANG_ANALYZER_NUMBER_OBJECT_CONVERSION = YES_AGGRESSIVE;
				CLANG_CXX_LANGUAGE_STANDARD = "gnu++20";
				CLANG_ENABLE_MODULES = YES;
				CLANG_ENABLE_OBJC_ARC = YES;
				CLANG_ENABLE_OBJC_WEAK = YES;
				CLANG_WARN_BLOCK_CAPTURE_AUTORELEASING = YES;
				CLANG_WARN_BOOL_CONVERSION = YES;
				CLANG_WARN_COMMA = YES;
				CLANG_WARN_CONSTANT_CONVERSION = YES;
				CLANG_WARN_DEPRECATED_OBJC_IMPLEMENTATIONS = YES;
				CLANG_WARN_DIRECT_OBJC_ISA_USAGE = YES_ERROR;
				CLANG_WARN_DOCUMENTATION_COMMENTS = YES;
				CLANG_WARN_EMPTY_BODY = YES;
				CLANG_WARN_ENUM_CONVERSION = YES;
				CLANG_WARN_INFINITE_RECURSION = YES;
				CLANG_WARN_INT_CONVERSION = YES;
				CLANG_WARN_NON_LITERAL_NULL_CONVERSION = YES;
				CLANG_WARN_OBJC_IMPLICIT_RETAIN_SELF = YES;
				CLANG_WARN_OBJC_LITERAL_CONVERSION = YES;
				CLANG_WARN_OBJC_ROOT_CLASS = YES_ERROR;
				CLANG_WARN_QUOTED_INCLUDE_IN_FRAMEWORK_HEADER = YES;
				CLANG_WARN_RANGE_LOOP_ANALYSIS = YES;
				CLANG_WARN_STRICT_PROTOTYPES = YES;
				CLANG_WARN_SUSPICIOUS_MOVE = YES;
				CLANG_WARN_UNGUARDED_AVAILABILITY = YES_AGGRESSIVE;
				CLANG_WARN_UNREACHABLE_CODE = YES;
				CLANG_WARN__DUPLICATE_METHOD_MATCH = YES;
				COPY_PHASE_STRIP = NO;
				DEBUG_INFORMATION_FORMAT = dwarf;
				ENABLE_STRICT_OBJC_MSGSEND = YES;
				ENABLE_TESTABILITY = YES;
				GCC_C_LANGUAGE_STANDARD = gnu11;
				GCC_DYNAMIC_NO_PIC = NO;
				GCC_NO_COMMON_BLOCKS = YES;
				GCC_OPTIMIZATION_LEVEL = 0;
				GCC_PREPROCESSOR_DEFINITIONS = (
					"DEBUG=1",
					"$(inherited)",
				);
				GCC_WARN_64_TO_32_BIT_CONVERSION = YES;
				GCC_WARN_ABOUT_RETURN_TYPE = YES_ERROR;
				GCC_WARN_UNDECLARED_SELECTOR = YES;
				GCC_WARN_UNINITIALIZED_AUTOS = YES_AGGRESSIVE;
				GCC_WARN_UNUSED_FUNCTION = YES;
				GCC_WARN_UNUSED_VARIABLE = YES;
				IPHONEOS_DEPLOYMENT_TARGET = 16.4;
				MTL_ENABLE_DEBUG_INFO = INCLUDE_SOURCE;
				MTL_FAST_MATH = YES;
				ONLY_ACTIVE_ARCH = YES;
				SDKROOT = iphoneos;
				SWIFT_ACTIVE_COMPILATION_CONDITIONS = DEBUG;
				SWIFT_OPTIMIZATION_LEVEL = "-Onone";
			};
			name = Debug;
		};
		BF01F9CC29ED8DCE005D1AB8 /* Release */ = {
			isa = XCBuildConfiguration;
			buildSettings = {
				ALWAYS_SEARCH_USER_PATHS = NO;
				CLANG_ANALYZER_NONNULL = YES;
				CLANG_ANALYZER_NUMBER_OBJECT_CONVERSION = YES_AGGRESSIVE;
				CLANG_CXX_LANGUAGE_STANDARD = "gnu++20";
				CLANG_ENABLE_MODULES = YES;
				CLANG_ENABLE_OBJC_ARC = YES;
				CLANG_ENABLE_OBJC_WEAK = YES;
				CLANG_WARN_BLOCK_CAPTURE_AUTORELEASING = YES;
				CLANG_WARN_BOOL_CONVERSION = YES;
				CLANG_WARN_COMMA = YES;
				CLANG_WARN_CONSTANT_CONVERSION = YES;
				CLANG_WARN_DEPRECATED_OBJC_IMPLEMENTATIONS = YES;
				CLANG_WARN_DIRECT_OBJC_ISA_USAGE = YES_ERROR;
				CLANG_WARN_DOCUMENTATION_COMMENTS = YES;
				CLANG_WARN_EMPTY_BODY = YES;
				CLANG_WARN_ENUM_CONVERSION = YES;
				CLANG_WARN_INFINITE_RECURSION = YES;
				CLANG_WARN_INT_CONVERSION = YES;
				CLANG_WARN_NON_LITERAL_NULL_CONVERSION = YES;
				CLANG_WARN_OBJC_IMPLICIT_RETAIN_SELF = YES;
				CLANG_WARN_OBJC_LITERAL_CONVERSION = YES;
				CLANG_WARN_OBJC_ROOT_CLASS = YES_ERROR;
				CLANG_WARN_QUOTED_INCLUDE_IN_FRAMEWORK_HEADER = YES;
				CLANG_WARN_RANGE_LOOP_ANALYSIS = YES;
				CLANG_WARN_STRICT_PROTOTYPES = YES;
				CLANG_WARN_SUSPICIOUS_MOVE = YES;
				CLANG_WARN_UNGUARDED_AVAILABILITY = YES_AGGRESSIVE;
				CLANG_WARN_UNREACHABLE_CODE = YES;
				CLANG_WARN__DUPLICATE_METHOD_MATCH = YES;
				COPY_PHASE_STRIP = NO;
				DEBUG_INFORMATION_FORMAT = "dwarf-with-dsym";
				ENABLE_NS_ASSERTIONS = NO;
				ENABLE_STRICT_OBJC_MSGSEND = YES;
				GCC_C_LANGUAGE_STANDARD = gnu11;
				GCC_NO_COMMON_BLOCKS = YES;
				GCC_WARN_64_TO_32_BIT_CONVERSION = YES;
				GCC_WARN_ABOUT_RETURN_TYPE = YES_ERROR;
				GCC_WARN_UNDECLARED_SELECTOR = YES;
				GCC_WARN_UNINITIALIZED_AUTOS = YES_AGGRESSIVE;
				GCC_WARN_UNUSED_FUNCTION = YES;
				GCC_WARN_UNUSED_VARIABLE = YES;
				IPHONEOS_DEPLOYMENT_TARGET = 16.4;
				MTL_ENABLE_DEBUG_INFO = NO;
				MTL_FAST_MATH = YES;
				SDKROOT = iphoneos;
				SWIFT_COMPILATION_MODE = wholemodule;
				SWIFT_OPTIMIZATION_LEVEL = "-O";
				VALIDATE_PRODUCT = YES;
			};
			name = Release;
		};
		BF01F9CE29ED8DCE005D1AB8 /* Debug */ = {
			isa = XCBuildConfiguration;
			buildSettings = {
				ASSETCATALOG_COMPILER_APPICON_NAME = AppIcon;
				ASSETCATALOG_COMPILER_GLOBAL_ACCENT_COLOR_NAME = AccentColor;
				CODE_SIGN_STYLE = Automatic;
				CURRENT_PROJECT_VERSION = 1;
				DEVELOPMENT_TEAM = RKG4N9K9YM;
				GENERATE_INFOPLIST_FILE = YES;
				INFOPLIST_FILE = MiniGameCollection/Resource/Info.plist;
				INFOPLIST_KEY_UIApplicationSupportsIndirectInputEvents = YES;
				INFOPLIST_KEY_UILaunchStoryboardName = LaunchScreen;
				INFOPLIST_KEY_UISupportedInterfaceOrientations_iPad = "UIInterfaceOrientationPortrait UIInterfaceOrientationPortraitUpsideDown UIInterfaceOrientationLandscapeLeft UIInterfaceOrientationLandscapeRight";
				INFOPLIST_KEY_UISupportedInterfaceOrientations_iPhone = "UIInterfaceOrientationPortrait UIInterfaceOrientationLandscapeLeft UIInterfaceOrientationLandscapeRight";
				LD_RUNPATH_SEARCH_PATHS = (
					"$(inherited)",
					"@executable_path/Frameworks",
				);
				MARKETING_VERSION = 1.0;
				PRODUCT_BUNDLE_IDENTIFIER = com.Gundy.MiniGameCollection;
				PRODUCT_NAME = "$(TARGET_NAME)";
				SWIFT_EMIT_LOC_STRINGS = YES;
				SWIFT_VERSION = 5.0;
				TARGETED_DEVICE_FAMILY = "1,2";
			};
			name = Debug;
		};
		BF01F9CF29ED8DCE005D1AB8 /* Release */ = {
			isa = XCBuildConfiguration;
			buildSettings = {
				ASSETCATALOG_COMPILER_APPICON_NAME = AppIcon;
				ASSETCATALOG_COMPILER_GLOBAL_ACCENT_COLOR_NAME = AccentColor;
				CODE_SIGN_STYLE = Automatic;
				CURRENT_PROJECT_VERSION = 1;
				DEVELOPMENT_TEAM = RKG4N9K9YM;
				GENERATE_INFOPLIST_FILE = YES;
				INFOPLIST_FILE = MiniGameCollection/Resource/Info.plist;
				INFOPLIST_KEY_UIApplicationSupportsIndirectInputEvents = YES;
				INFOPLIST_KEY_UILaunchStoryboardName = LaunchScreen;
				INFOPLIST_KEY_UISupportedInterfaceOrientations_iPad = "UIInterfaceOrientationPortrait UIInterfaceOrientationPortraitUpsideDown UIInterfaceOrientationLandscapeLeft UIInterfaceOrientationLandscapeRight";
				INFOPLIST_KEY_UISupportedInterfaceOrientations_iPhone = "UIInterfaceOrientationPortrait UIInterfaceOrientationLandscapeLeft UIInterfaceOrientationLandscapeRight";
				LD_RUNPATH_SEARCH_PATHS = (
					"$(inherited)",
					"@executable_path/Frameworks",
				);
				MARKETING_VERSION = 1.0;
				PRODUCT_BUNDLE_IDENTIFIER = com.Gundy.MiniGameCollection;
				PRODUCT_NAME = "$(TARGET_NAME)";
				SWIFT_EMIT_LOC_STRINGS = YES;
				SWIFT_VERSION = 5.0;
				TARGETED_DEVICE_FAMILY = "1,2";
			};
			name = Release;
		};
/* End XCBuildConfiguration section */

/* Begin XCConfigurationList section */
		BF01F9B429ED8DCE005D1AB8 /* Build configuration list for PBXProject "MiniGameCollection" */ = {
			isa = XCConfigurationList;
			buildConfigurations = (
				BF01F9CB29ED8DCE005D1AB8 /* Debug */,
				BF01F9CC29ED8DCE005D1AB8 /* Release */,
			);
			defaultConfigurationIsVisible = 0;
			defaultConfigurationName = Release;
		};
		BF01F9CD29ED8DCE005D1AB8 /* Build configuration list for PBXNativeTarget "MiniGameCollection" */ = {
			isa = XCConfigurationList;
			buildConfigurations = (
				BF01F9CE29ED8DCE005D1AB8 /* Debug */,
				BF01F9CF29ED8DCE005D1AB8 /* Release */,
			);
			defaultConfigurationIsVisible = 0;
			defaultConfigurationName = Release;
		};
/* End XCConfigurationList section */
	};
	rootObject = BF01F9B129ED8DCE005D1AB8 /* Project object */;
}
